
Microsoft Visual Studio Solution File, Format Version 12.00
# Visual Studio Version 17
VisualStudioVersion = 17.6.33723.286
MinimumVisualStudioVersion = 10.0.40219.1
Project("{FAE04EC0-301F-11D3-BF4B-00C04F79EFBC}") = "JsonFileLoaderApplication", "JsonFileLoaderApplication\JsonFileLoaderApplication.csproj", "{1D65C1A6-5DD6-410B-A6E3-9182956BD759}"
EndProject
Global
	GlobalSection(SolutionConfigurationPlatforms) = preSolution
		Debug|Any CPU = Debug|Any CPU
		Release|Any CPU = Release|Any CPU
	EndGlobalSection
	GlobalSection(ProjectConfigurationPlatforms) = postSolution
		{1D65C1A6-5DD6-410B-A6E3-9182956BD759}.Debug|Any CPU.ActiveCfg = Debug|Any CPU
		{1D65C1A6-5DD6-410B-A6E3-9182956BD759}.Debug|Any CPU.Build.0 = Debug|Any CPU
		{1D65C1A6-5DD6-410B-A6E3-9182956BD759}.Release|Any CPU.ActiveCfg = Release|Any CPU
		{1D65C1A6-5DD6-410B-A6E3-9182956BD759}.Release|Any CPU.Build.0 = Release|Any CPU
	EndGlobalSection
	GlobalSection(SolutionProperties) = preSolution
		HideSolutionNode = FALSE
	EndGlobalSection
	GlobalSection(ExtensibilityGlobals) = postSolution
		SolutionGuid = {CDD32E63-0CC8-4D11-A3AD-488F78B35FF1}
	EndGlobalSection
EndGlobal
