
Microsoft Visual Studio Solution File, Format Version 12.00
# Visual Studio Version 17
VisualStudioVersion = 17.3.32929.385
MinimumVisualStudioVersion = 10.0.40219.1
Project("{FAE04EC0-301F-11D3-BF4B-00C04F79EFBC}") = "TaskManager", "TaskManager\TaskManager.csproj", "{842119BE-50C6-4F52-9806-EF13F68CAF63}"
EndProject
Global
	GlobalSection(SolutionConfigurationPlatforms) = preSolution
		Debug|Any CPU = Debug|Any CPU
		Release|Any CPU = Release|Any CPU
	EndGlobalSection
	GlobalSection(ProjectConfigurationPlatforms) = postSolution
		{842119BE-50C6-4F52-9806-EF13F68CAF63}.Debug|Any CPU.ActiveCfg = Debug|Any CPU
		{842119BE-50C6-4F52-9806-EF13F68CAF63}.Debug|Any CPU.Build.0 = Debug|Any CPU
		{842119BE-50C6-4F52-9806-EF13F68CAF63}.Release|Any CPU.ActiveCfg = Release|Any CPU
		{842119BE-50C6-4F52-9806-EF13F68CAF63}.Release|Any CPU.Build.0 = Release|Any CPU
	EndGlobalSection
	GlobalSection(SolutionProperties) = preSolution
		HideSolutionNode = FALSE
	EndGlobalSection
	GlobalSection(ExtensibilityGlobals) = postSolution
		SolutionGuid = {0D225F36-3826-4B2A-94FE-90FF894FECEA}
	EndGlobalSection
EndGlobal
